PODS:
  - Alamofire (5.5.0)
  - DropmarkSDK (3.3.3):
    - Alamofire (~> 5.5)
    - PromiseKit (~> 6.17)
  - PromiseKit (6.17.0):
    - PromiseKit/CorePromise (= 6.17.0)
    - PromiseKit/Foundation (= 6.17.0)
    - PromiseKit/UIKit (= 6.17.0)
  - PromiseKit/CorePromise (6.17.0)
  - PromiseKit/Foundation (6.17.0):
    - PromiseKit/CorePromise
  - PromiseKit/UIKit (6.17.0):
    - PromiseKit/CorePromise

DEPENDENCIES:
  - DropmarkSDK (from `../`)

SPEC REPOS:
  trunk:
    - Alamofire
    - PromiseKit

EXTERNAL SOURCES:
  DropmarkSDK:
    :path: "../"

SPEC CHECKSUMS:
  Alamofire: 1c4fb5369c3fe93d2857c780d8bbe09f06f97e7c
  DropmarkSDK: b3a8a21a23dafddf4b0d2034cbfe929e90463996
  PromiseKit: 996202d4cae72b7801b312abef4cd2f995b2978a

PODFILE CHECKSUM: cad4cfdfdb12f3be1e13db18f3ad538517b4c3c4

COCOAPODS: 1.11.2
