// !$*UTF8*$!
{
	archiveVersion = 1;
	classes = {
	};
	objectVersion = 46;
	objects = {

/* Begin PBXBuildFile section */
		0983D6ABAA5F6AD98E4F26E6 /* Pods_DropmarkSDK_Tests.framework in Frameworks */ = {isa = PBXBuildFile; fileRef = 23E6FAD0B85FDA1973260366 /* Pods_DropmarkSDK_Tests.framework */; };
		474B8CB31553F52B4E064409 /* Pods_macOS_Demo.framework in Frameworks */ = {isa = PBXBuildFile; fileRef = 0183385C8B2CDD2D4E9469FA /* Pods_macOS_Demo.framework */; };
		4987F2319753824F5F773446 /* Pods_iOS_Demo.framework in Frameworks */ = {isa = PBXBuildFile; fileRef = 88DB797774C8FBBDF7649FCE /* Pods_iOS_Demo.framework */; };
		607FACEC1AFB9204008FA782 /* Tests.swift in Sources */ = {isa = PBXBuildFile; fileRef = 607FACEB1AFB9204008FA782 /* Tests.swift */; };
		A506952D2114B0D8003639E5 /* MainViewController.swift in Sources */ = {isa = PBXBuildFile; fileRef = A506952C2114B0D8003639E5 /* MainViewController.swift */; };
		A51A5FB421400CA60064D0D6 /* CrossfadeStoryboardSegue.swift in Sources */ = {isa = PBXBuildFile; fileRef = A51A5FB321400CA60064D0D6 /* CrossfadeStoryboardSegue.swift */; };
		A51A5FB621400F590064D0D6 /* ContainerViewController.swift in Sources */ = {isa = PBXBuildFile; fileRef = A51A5FB521400F590064D0D6 /* ContainerViewController.swift */; };
		A52C420021160D1100BA2054 /* UIAlertController+Extensions.swift in Sources */ = {isa = PBXBuildFile; fileRef = A52C41FF21160D1100BA2054 /* UIAlertController+Extensions.swift */; };
		A52C420121160D1100BA2054 /* UIAlertController+Extensions.swift in Sources */ = {isa = PBXBuildFile; fileRef = A52C41FF21160D1100BA2054 /* UIAlertController+Extensions.swift */; };
		A52FC3CC20BF57E200A6E2B7 /* CollectionListViewController.swift in Sources */ = {isa = PBXBuildFile; fileRef = A52FC3BF20BF57E200A6E2B7 /* CollectionListViewController.swift */; };
		A52FC3CD20BF57E200A6E2B7 /* LaunchScreen.xib in Resources */ = {isa = PBXBuildFile; fileRef = A52FC3C020BF57E200A6E2B7 /* LaunchScreen.xib */; };
		A52FC3CE20BF57E200A6E2B7 /* Main.storyboard in Resources */ = {isa = PBXBuildFile; fileRef = A52FC3C120BF57E200A6E2B7 /* Main.storyboard */; };
		A52FC3D020BF57E200A6E2B7 /* iOS Images.xcassets in Resources */ = {isa = PBXBuildFile; fileRef = A52FC3C520BF57E200A6E2B7 /* iOS Images.xcassets */; };
		A52FC3D220BF57E200A6E2B7 /* LoginViewController.swift in Sources */ = {isa = PBXBuildFile; fileRef = A52FC3C720BF57E200A6E2B7 /* LoginViewController.swift */; };
		A52FC3D420BF57E200A6E2B7 /* AppDelegate.swift in Sources */ = {isa = PBXBuildFile; fileRef = A52FC3C920BF57E200A6E2B7 /* AppDelegate.swift */; };
		A52FC3D520BF57E200A6E2B7 /* ItemViewController.swift in Sources */ = {isa = PBXBuildFile; fileRef = A52FC3CA20BF57E200A6E2B7 /* ItemViewController.swift */; };
		A52FC3D620BF57E200A6E2B7 /* ItemListViewController.swift in Sources */ = {isa = PBXBuildFile; fileRef = A52FC3CB20BF57E200A6E2B7 /* ItemListViewController.swift */; };
		A52FC3E020BF588500A6E2B7 /* keys.plist in Resources */ = {isa = PBXBuildFile; fileRef = A52FC3DF20BF588500A6E2B7 /* keys.plist */; };
		A52FC3E120BF588500A6E2B7 /* keys.plist in Resources */ = {isa = PBXBuildFile; fileRef = A52FC3DF20BF588500A6E2B7 /* keys.plist */; };
		A52FC3E220BF588500A6E2B7 /* keys.plist in Resources */ = {isa = PBXBuildFile; fileRef = A52FC3DF20BF588500A6E2B7 /* keys.plist */; };
		A52FC3E520BF5C1D00A6E2B7 /* Main.storyboard in Resources */ = {isa = PBXBuildFile; fileRef = A52FC3E420BF5C1D00A6E2B7 /* Main.storyboard */; };
		A52FC3EA20BF5C3300A6E2B7 /* macOS Assets.xcassets in Resources */ = {isa = PBXBuildFile; fileRef = A52FC3E820BF5C3300A6E2B7 /* macOS Assets.xcassets */; };
		A52FC3EE20BF5C8900A6E2B7 /* Main.storyboard in Resources */ = {isa = PBXBuildFile; fileRef = A52FC3ED20BF5C8900A6E2B7 /* Main.storyboard */; };
		A53760F02116424500114013 /* tvOS Assets.xcassets in Resources */ = {isa = PBXBuildFile; fileRef = A52FC3F020BF5C9400A6E2B7 /* tvOS Assets.xcassets */; };
		A53E7DA7211506B8002CD0B9 /* LoginViewController.swift in Sources */ = {isa = PBXBuildFile; fileRef = A52FC3C720BF57E200A6E2B7 /* LoginViewController.swift */; };
		A53E7DA821150ABA002CD0B9 /* AppDelegate.swift in Sources */ = {isa = PBXBuildFile; fileRef = A52FC3C920BF57E200A6E2B7 /* AppDelegate.swift */; };
		A53E7DA921150AD3002CD0B9 /* CollectionListViewController.swift in Sources */ = {isa = PBXBuildFile; fileRef = A52FC3BF20BF57E200A6E2B7 /* CollectionListViewController.swift */; };
		A53E7DAA21150ADE002CD0B9 /* ItemListViewController.swift in Sources */ = {isa = PBXBuildFile; fileRef = A52FC3CB20BF57E200A6E2B7 /* ItemListViewController.swift */; };
		A53E7DB0211523E4002CD0B9 /* ItemViewController.swift in Sources */ = {isa = PBXBuildFile; fileRef = A52FC3CA20BF57E200A6E2B7 /* ItemViewController.swift */; };
		A54E5B2921176E3000F93F1C /* UIStoryboard+Extensions.swift in Sources */ = {isa = PBXBuildFile; fileRef = A54E5B2821176E3000F93F1C /* UIStoryboard+Extensions.swift */; };
		A54E5B2A21176E3000F93F1C /* UIStoryboard+Extensions.swift in Sources */ = {isa = PBXBuildFile; fileRef = A54E5B2821176E3000F93F1C /* UIStoryboard+Extensions.swift */; };
		A54E5B2C21189EAF00F93F1C /* NSStoryboard+Extensions.swift in Sources */ = {isa = PBXBuildFile; fileRef = A54E5B2B21189EAF00F93F1C /* NSStoryboard+Extensions.swift */; };
		A54E5B2F2118A60B00F93F1C /* NSAlert+Extensions.swift in Sources */ = {isa = PBXBuildFile; fileRef = A54E5B2E2118A60B00F93F1C /* NSAlert+Extensions.swift */; };
		A5B57F9C20B9C74700B766D6 /* AppDelegate.swift in Sources */ = {isa = PBXBuildFile; fileRef = A5B57F9B20B9C74700B766D6 /* AppDelegate.swift */; };
		A5B57F9E20B9C74700B766D6 /* LoginViewController.swift in Sources */ = {isa = PBXBuildFile; fileRef = A5B57F9D20B9C74700B766D6 /* LoginViewController.swift */; };
		F31A4221E36D40925F1179C0 /* Pods_tvOS_Demo.framework in Frameworks */ = {isa = PBXBuildFile; fileRef = 31C720F496829D377779BFBE /* Pods_tvOS_Demo.framework */; };
/* End PBXBuildFile section */

/* Begin PBXContainerItemProxy section */
		607FACE61AFB9204008FA782 /* PBXContainerItemProxy */ = {
			isa = PBXContainerItemProxy;
			containerPortal = 607FACC81AFB9204008FA782 /* Project object */;
			proxyType = 1;
			remoteGlobalIDString = 607FACCF1AFB9204008FA782;
			remoteInfo = DropmarkSDK;
		};
/* End PBXContainerItemProxy section */

/* Begin PBXFileReference section */
		0183385C8B2CDD2D4E9469FA /* Pods_macOS_Demo.framework */ = {isa = PBXFileReference; explicitFileType = wrapper.framework; includeInIndex = 0; path = Pods_macOS_Demo.framework; sourceTree = BUILT_PRODUCTS_DIR; };
		23E6FAD0B85FDA1973260366 /* Pods_DropmarkSDK_Tests.framework */ = {isa = PBXFileReference; explicitFileType = wrapper.framework; includeInIndex = 0; path = Pods_DropmarkSDK_Tests.framework; sourceTree = BUILT_PRODUCTS_DIR; };
		31C720F496829D377779BFBE /* Pods_tvOS_Demo.framework */ = {isa = PBXFileReference; explicitFileType = wrapper.framework; includeInIndex = 0; path = Pods_tvOS_Demo.framework; sourceTree = BUILT_PRODUCTS_DIR; };
		4F4DD828505A6DC4446EBA0C /* Pods-iOS Demo.debug.xcconfig */ = {isa = PBXFileReference; includeInIndex = 1; lastKnownFileType = text.xcconfig; name = "Pods-iOS Demo.debug.xcconfig"; path = "Pods/Target Support Files/Pods-iOS Demo/Pods-iOS Demo.debug.xcconfig"; sourceTree = "<group>"; };
		607FACEA1AFB9204008FA782 /* Info.plist */ = {isa = PBXFileReference; lastKnownFileType = text.plist.xml; path = Info.plist; sourceTree = "<group>"; };
		607FACEB1AFB9204008FA782 /* Tests.swift */ = {isa = PBXFileReference; lastKnownFileType = sourcecode.swift; path = Tests.swift; sourceTree = "<group>"; };
		6CE42FC29A5FB1E32865F5DB /* Pods_Dropmark_SDK_for_Mac.framework */ = {isa = PBXFileReference; explicitFileType = wrapper.framework; includeInIndex = 0; path = Pods_Dropmark_SDK_for_Mac.framework; sourceTree = BUILT_PRODUCTS_DIR; };
		79389252610B8E38D27A4C6D /* Pods-tvOS Demo.release.xcconfig */ = {isa = PBXFileReference; includeInIndex = 1; lastKnownFileType = text.xcconfig; name = "Pods-tvOS Demo.release.xcconfig"; path = "Pods/Target Support Files/Pods-tvOS Demo/Pods-tvOS Demo.release.xcconfig"; sourceTree = "<group>"; };
		7CC8559AD692CB3EF7BB6DC8 /* Pods-iOS Demo.release.xcconfig */ = {isa = PBXFileReference; includeInIndex = 1; lastKnownFileType = text.xcconfig; name = "Pods-iOS Demo.release.xcconfig"; path = "Pods/Target Support Files/Pods-iOS Demo/Pods-iOS Demo.release.xcconfig"; sourceTree = "<group>"; };
		88DB797774C8FBBDF7649FCE /* Pods_iOS_Demo.framework */ = {isa = PBXFileReference; explicitFileType = wrapper.framework; includeInIndex = 0; path = Pods_iOS_Demo.framework; sourceTree = BUILT_PRODUCTS_DIR; };
		948C593ECC1D4DB79124392C /* Pods-DropmarkSDK_Tests.release.xcconfig */ = {isa = PBXFileReference; includeInIndex = 1; lastKnownFileType = text.xcconfig; name = "Pods-DropmarkSDK_Tests.release.xcconfig"; path = "Pods/Target Support Files/Pods-DropmarkSDK_Tests/Pods-DropmarkSDK_Tests.release.xcconfig"; sourceTree = "<group>"; };
		A50664BF2417EF35007208EB /* iOS Demo.entitlements */ = {isa = PBXFileReference; lastKnownFileType = text.plist.entitlements; path = "iOS Demo.entitlements"; sourceTree = "<group>"; };
		A50664C12417F9FC007208EB /* tvOS Demo.entitlements */ = {isa = PBXFileReference; lastKnownFileType = text.plist.entitlements; path = "tvOS Demo.entitlements"; sourceTree = "<group>"; };
		A506952C2114B0D8003639E5 /* MainViewController.swift */ = {isa = PBXFileReference; lastKnownFileType = sourcecode.swift; path = MainViewController.swift; sourceTree = "<group>"; };
		A51A5FB321400CA60064D0D6 /* CrossfadeStoryboardSegue.swift */ = {isa = PBXFileReference; lastKnownFileType = sourcecode.swift; path = CrossfadeStoryboardSegue.swift; sourceTree = "<group>"; };
		A51A5FB521400F590064D0D6 /* ContainerViewController.swift */ = {isa = PBXFileReference; lastKnownFileType = sourcecode.swift; path = ContainerViewController.swift; sourceTree = "<group>"; };
		A52C41FF21160D1100BA2054 /* UIAlertController+Extensions.swift */ = {isa = PBXFileReference; lastKnownFileType = sourcecode.swift; path = "UIAlertController+Extensions.swift"; sourceTree = "<group>"; };
		A52FC3BF20BF57E200A6E2B7 /* CollectionListViewController.swift */ = {isa = PBXFileReference; fileEncoding = 4; lastKnownFileType = sourcecode.swift; path = CollectionListViewController.swift; sourceTree = "<group>"; };
		A52FC3C020BF57E200A6E2B7 /* LaunchScreen.xib */ = {isa = PBXFileReference; fileEncoding = 4; lastKnownFileType = file.xib; path = LaunchScreen.xib; sourceTree = "<group>"; };
		A52FC3C120BF57E200A6E2B7 /* Main.storyboard */ = {isa = PBXFileReference; fileEncoding = 4; lastKnownFileType = file.storyboard; path = Main.storyboard; sourceTree = "<group>"; };
		A52FC3C520BF57E200A6E2B7 /* iOS Images.xcassets */ = {isa = PBXFileReference; lastKnownFileType = folder.assetcatalog; path = "iOS Images.xcassets"; sourceTree = "<group>"; };
		A52FC3C620BF57E200A6E2B7 /* Info.plist */ = {isa = PBXFileReference; fileEncoding = 4; lastKnownFileType = text.plist.xml; path = Info.plist; sourceTree = "<group>"; };
		A52FC3C720BF57E200A6E2B7 /* LoginViewController.swift */ = {isa = PBXFileReference; fileEncoding = 4; lastKnownFileType = sourcecode.swift; path = LoginViewController.swift; sourceTree = "<group>"; };
		A52FC3C920BF57E200A6E2B7 /* AppDelegate.swift */ = {isa = PBXFileReference; fileEncoding = 4; lastKnownFileType = sourcecode.swift; path = AppDelegate.swift; sourceTree = "<group>"; };
		A52FC3CA20BF57E200A6E2B7 /* ItemViewController.swift */ = {isa = PBXFileReference; fileEncoding = 4; lastKnownFileType = sourcecode.swift; path = ItemViewController.swift; sourceTree = "<group>"; };
		A52FC3CB20BF57E200A6E2B7 /* ItemListViewController.swift */ = {isa = PBXFileReference; fileEncoding = 4; lastKnownFileType = sourcecode.swift; path = ItemListViewController.swift; sourceTree = "<group>"; };
		A52FC3DF20BF588500A6E2B7 /* keys.plist */ = {isa = PBXFileReference; fileEncoding = 4; lastKnownFileType = text.plist.xml; path = keys.plist; sourceTree = "<group>"; };
		A52FC3E420BF5C1D00A6E2B7 /* Main.storyboard */ = {isa = PBXFileReference; fileEncoding = 4; lastKnownFileType = file.storyboard; path = Main.storyboard; sourceTree = "<group>"; };
		A52FC3E720BF5C3300A6E2B7 /* Dropmark SDK for Mac.entitlements */ = {isa = PBXFileReference; fileEncoding = 4; lastKnownFileType = text.plist.entitlements; path = "Dropmark SDK for Mac.entitlements"; sourceTree = "<group>"; };
		A52FC3E820BF5C3300A6E2B7 /* macOS Assets.xcassets */ = {isa = PBXFileReference; lastKnownFileType = folder.assetcatalog; path = "macOS Assets.xcassets"; sourceTree = "<group>"; };
		A52FC3E920BF5C3300A6E2B7 /* Info.plist */ = {isa = PBXFileReference; fileEncoding = 4; lastKnownFileType = text.plist.xml; path = Info.plist; sourceTree = "<group>"; };
		A52FC3ED20BF5C8900A6E2B7 /* Main.storyboard */ = {isa = PBXFileReference; fileEncoding = 4; lastKnownFileType = file.storyboard; path = Main.storyboard; sourceTree = "<group>"; };
		A52FC3F020BF5C9400A6E2B7 /* tvOS Assets.xcassets */ = {isa = PBXFileReference; lastKnownFileType = folder.assetcatalog; path = "tvOS Assets.xcassets"; sourceTree = "<group>"; };
		A52FC3F120BF5C9400A6E2B7 /* Info.plist */ = {isa = PBXFileReference; fileEncoding = 4; lastKnownFileType = text.plist.xml; path = Info.plist; sourceTree = "<group>"; };
		A54E5B2821176E3000F93F1C /* UIStoryboard+Extensions.swift */ = {isa = PBXFileReference; lastKnownFileType = sourcecode.swift; path = "UIStoryboard+Extensions.swift"; sourceTree = "<group>"; };
		A54E5B2B21189EAF00F93F1C /* NSStoryboard+Extensions.swift */ = {isa = PBXFileReference; lastKnownFileType = sourcecode.swift; path = "NSStoryboard+Extensions.swift"; sourceTree = "<group>"; };
		A54E5B2E2118A60B00F93F1C /* NSAlert+Extensions.swift */ = {isa = PBXFileReference; lastKnownFileType = sourcecode.swift; path = "NSAlert+Extensions.swift"; sourceTree = "<group>"; };
		A557EA27211DE9E80022B6E5 /* DropmarkSDK_Tests.xctest */ = {isa = PBXFileReference; explicitFileType = wrapper.cfbundle; includeInIndex = 0; path = DropmarkSDK_Tests.xctest; sourceTree = BUILT_PRODUCTS_DIR; };
		A557EA28211E098C0022B6E5 /* Dropmark SDK.app */ = {isa = PBXFileReference; explicitFileType = wrapper.application; includeInIndex = 0; path = "Dropmark SDK.app"; sourceTree = BUILT_PRODUCTS_DIR; };
		A557EA29211E09910022B6E5 /* tvOS Demo.app */ = {isa = PBXFileReference; explicitFileType = wrapper.application; includeInIndex = 0; path = "tvOS Demo.app"; sourceTree = BUILT_PRODUCTS_DIR; };
		A557EA2A211E09960022B6E5 /* iOS Demo.app */ = {isa = PBXFileReference; explicitFileType = wrapper.application; includeInIndex = 0; path = "iOS Demo.app"; sourceTree = BUILT_PRODUCTS_DIR; };
		A5B57F9B20B9C74700B766D6 /* AppDelegate.swift */ = {isa = PBXFileReference; lastKnownFileType = sourcecode.swift; path = AppDelegate.swift; sourceTree = "<group>"; };
		A5B57F9D20B9C74700B766D6 /* LoginViewController.swift */ = {isa = PBXFileReference; lastKnownFileType = sourcecode.swift; path = LoginViewController.swift; sourceTree = "<group>"; };
		AC39C05CFA66FBC558EF4250 /* Pods_Dropmark_SDK_for_tvOS.framework */ = {isa = PBXFileReference; explicitFileType = wrapper.framework; includeInIndex = 0; path = Pods_Dropmark_SDK_for_tvOS.framework; sourceTree = BUILT_PRODUCTS_DIR; };
		C1D55843C7B1B96E89D77BE2 /* Pods-macOS Demo.debug.xcconfig */ = {isa = PBXFileReference; includeInIndex = 1; lastKnownFileType = text.xcconfig; name = "Pods-macOS Demo.debug.xcconfig"; path = "Pods/Target Support Files/Pods-macOS Demo/Pods-macOS Demo.debug.xcconfig"; sourceTree = "<group>"; };
		E9D47E3F3CFA423D92DC89BF /* Pods-macOS Demo.release.xcconfig */ = {isa = PBXFileReference; includeInIndex = 1; lastKnownFileType = text.xcconfig; name = "Pods-macOS Demo.release.xcconfig"; path = "Pods/Target Support Files/Pods-macOS Demo/Pods-macOS Demo.release.xcconfig"; sourceTree = "<group>"; };
		EA669FF00620E79A8942E4D1 /* Pods-DropmarkSDK_Tests.debug.xcconfig */ = {isa = PBXFileReference; includeInIndex = 1; lastKnownFileType = text.xcconfig; name = "Pods-DropmarkSDK_Tests.debug.xcconfig"; path = "Pods/Target Support Files/Pods-DropmarkSDK_Tests/Pods-DropmarkSDK_Tests.debug.xcconfig"; sourceTree = "<group>"; };
		EC4E452BF3B1EAD3BFE77F64 /* Pods-tvOS Demo.debug.xcconfig */ = {isa = PBXFileReference; includeInIndex = 1; lastKnownFileType = text.xcconfig; name = "Pods-tvOS Demo.debug.xcconfig"; path = "Pods/Target Support Files/Pods-tvOS Demo/Pods-tvOS Demo.debug.xcconfig"; sourceTree = "<group>"; };
		F33537A690BC9CCC23CD0C58 /* Pods_DropmarkSDK_Example.framework */ = {isa = PBXFileReference; explicitFileType = wrapper.framework; includeInIndex = 0; path = Pods_DropmarkSDK_Example.framework; sourceTree = BUILT_PRODUCTS_DIR; };
/* End PBXFileReference section */

/* Begin PBXFrameworksBuildPhase section */
		607FACCD1AFB9204008FA782 /* Frameworks */ = {
			isa = PBXFrameworksBuildPhase;
			buildActionMask = 2147483647;
			files = (
				4987F2319753824F5F773446 /* Pods_iOS_Demo.framework in Frameworks */,
			);
			runOnlyForDeploymentPostprocessing = 0;
		};
		607FACE21AFB9204008FA782 /* Frameworks */ = {
			isa = PBXFrameworksBuildPhase;
			buildActionMask = 2147483647;
			files = (
				0983D6ABAA5F6AD98E4F26E6 /* Pods_DropmarkSDK_Tests.framework in Frameworks */,
			);
			runOnlyForDeploymentPostprocessing = 0;
		};
		A57B6E5E20BCAF6100595C3E /* Frameworks */ = {
			isa = PBXFrameworksBuildPhase;
			buildActionMask = 2147483647;
			files = (
				F31A4221E36D40925F1179C0 /* Pods_tvOS_Demo.framework in Frameworks */,
			);
			runOnlyForDeploymentPostprocessing = 0;
		};
		A5B57F9620B9C74700B766D6 /* Frameworks */ = {
			isa = PBXFrameworksBuildPhase;
			buildActionMask = 2147483647;
			files = (
				474B8CB31553F52B4E064409 /* Pods_macOS_Demo.framework in Frameworks */,
			);
			runOnlyForDeploymentPostprocessing = 0;
		};
/* End PBXFrameworksBuildPhase section */

/* Begin PBXGroup section */
		086B5A6AC3BA1513028D714B /* Pods */ = {
			isa = PBXGroup;
			children = (
				EA669FF00620E79A8942E4D1 /* Pods-DropmarkSDK_Tests.debug.xcconfig */,
				948C593ECC1D4DB79124392C /* Pods-DropmarkSDK_Tests.release.xcconfig */,
				4F4DD828505A6DC4446EBA0C /* Pods-iOS Demo.debug.xcconfig */,
				7CC8559AD692CB3EF7BB6DC8 /* Pods-iOS Demo.release.xcconfig */,
				C1D55843C7B1B96E89D77BE2 /* Pods-macOS Demo.debug.xcconfig */,
				E9D47E3F3CFA423D92DC89BF /* Pods-macOS Demo.release.xcconfig */,
				EC4E452BF3B1EAD3BFE77F64 /* Pods-tvOS Demo.debug.xcconfig */,
				79389252610B8E38D27A4C6D /* Pods-tvOS Demo.release.xcconfig */,
			);
			name = Pods;
			sourceTree = "<group>";
		};
		607FACC71AFB9204008FA782 = {
			isa = PBXGroup;
			children = (
				A50664BF2417EF35007208EB /* iOS Demo.entitlements */,
				A50664C12417F9FC007208EB /* tvOS Demo.entitlements */,
				A52FC3DF20BF588500A6E2B7 /* keys.plist */,
				A52FC3BE20BF57E200A6E2B7 /* iOS and tvOS Demo */,
				A5B57F9A20B9C74700B766D6 /* macOS Demo */,
				607FACE81AFB9204008FA782 /* Tests */,
				086B5A6AC3BA1513028D714B /* Pods */,
				978CEBA42B9D2FAA4A28CF26 /* Frameworks */,
				A557EA27211DE9E80022B6E5 /* DropmarkSDK_Tests.xctest */,
				A557EA28211E098C0022B6E5 /* Dropmark SDK.app */,
				A557EA29211E09910022B6E5 /* tvOS Demo.app */,
				A557EA2A211E09960022B6E5 /* iOS Demo.app */,
			);
			sourceTree = "<group>";
		};
		607FACE81AFB9204008FA782 /* Tests */ = {
			isa = PBXGroup;
			children = (
				607FACEB1AFB9204008FA782 /* Tests.swift */,
				607FACE91AFB9204008FA782 /* Supporting Files */,
			);
			path = Tests;
			sourceTree = "<group>";
		};
		607FACE91AFB9204008FA782 /* Supporting Files */ = {
			isa = PBXGroup;
			children = (
				607FACEA1AFB9204008FA782 /* Info.plist */,
			);
			name = "Supporting Files";
			sourceTree = "<group>";
		};
		978CEBA42B9D2FAA4A28CF26 /* Frameworks */ = {
			isa = PBXGroup;
			children = (
				F33537A690BC9CCC23CD0C58 /* Pods_DropmarkSDK_Example.framework */,
				23E6FAD0B85FDA1973260366 /* Pods_DropmarkSDK_Tests.framework */,
				6CE42FC29A5FB1E32865F5DB /* Pods_Dropmark_SDK_for_Mac.framework */,
				AC39C05CFA66FBC558EF4250 /* Pods_Dropmark_SDK_for_tvOS.framework */,
				88DB797774C8FBBDF7649FCE /* Pods_iOS_Demo.framework */,
				0183385C8B2CDD2D4E9469FA /* Pods_macOS_Demo.framework */,
				31C720F496829D377779BFBE /* Pods_tvOS_Demo.framework */,
			);
			name = Frameworks;
			sourceTree = "<group>";
		};
		A52FC3BE20BF57E200A6E2B7 /* iOS and tvOS Demo */ = {
			isa = PBXGroup;
			children = (
				A52FC3C920BF57E200A6E2B7 /* AppDelegate.swift */,
				A52FC3C720BF57E200A6E2B7 /* LoginViewController.swift */,
				A52FC3BF20BF57E200A6E2B7 /* CollectionListViewController.swift */,
				A52FC3CB20BF57E200A6E2B7 /* ItemListViewController.swift */,
				A52FC3CA20BF57E200A6E2B7 /* ItemViewController.swift */,
				A53E7DAE2115208C002CD0B9 /* iOS Demo */,
				A53E7DAF211520A9002CD0B9 /* tvOS Demo */,
				A52FC3C220BF57E200A6E2B7 /* Extensions */,
			);
			path = "iOS and tvOS Demo";
			sourceTree = "<group>";
		};
		A52FC3C220BF57E200A6E2B7 /* Extensions */ = {
			isa = PBXGroup;
			children = (
				A52C41FF21160D1100BA2054 /* UIAlertController+Extensions.swift */,
				A54E5B2821176E3000F93F1C /* UIStoryboard+Extensions.swift */,
			);
			path = Extensions;
			sourceTree = "<group>";
		};
		A52FC3E620BF5C3300A6E2B7 /* Supporting Files */ = {
			isa = PBXGroup;
			children = (
				A52FC3E720BF5C3300A6E2B7 /* Dropmark SDK for Mac.entitlements */,
				A52FC3E920BF5C3300A6E2B7 /* Info.plist */,
				A52FC3E820BF5C3300A6E2B7 /* macOS Assets.xcassets */,
			);
			path = "Supporting Files";
			sourceTree = "<group>";
		};
		A53E7DAE2115208C002CD0B9 /* iOS Demo */ = {
			isa = PBXGroup;
			children = (
				A52FC3C020BF57E200A6E2B7 /* LaunchScreen.xib */,
				A52FC3C120BF57E200A6E2B7 /* Main.storyboard */,
				A52FC3C620BF57E200A6E2B7 /* Info.plist */,
				A52FC3C520BF57E200A6E2B7 /* iOS Images.xcassets */,
			);
			path = "iOS Demo";
			sourceTree = "<group>";
		};
		A53E7DAF211520A9002CD0B9 /* tvOS Demo */ = {
			isa = PBXGroup;
			children = (
				A52FC3ED20BF5C8900A6E2B7 /* Main.storyboard */,
				A52FC3F120BF5C9400A6E2B7 /* Info.plist */,
				A52FC3F020BF5C9400A6E2B7 /* tvOS Assets.xcassets */,
			);
			path = "tvOS Demo";
			sourceTree = "<group>";
		};
		A54E5B2D21189F0C00F93F1C /* Extensions */ = {
			isa = PBXGroup;
			children = (
				A54E5B2B21189EAF00F93F1C /* NSStoryboard+Extensions.swift */,
				A54E5B2E2118A60B00F93F1C /* NSAlert+Extensions.swift */,
			);
			path = Extensions;
			sourceTree = "<group>";
		};
		A5B57F9A20B9C74700B766D6 /* macOS Demo */ = {
			isa = PBXGroup;
			children = (
				A52FC3E420BF5C1D00A6E2B7 /* Main.storyboard */,
				A5B57F9B20B9C74700B766D6 /* AppDelegate.swift */,
				A51A5FB521400F590064D0D6 /* ContainerViewController.swift */,
				A5B57F9D20B9C74700B766D6 /* LoginViewController.swift */,
				A506952C2114B0D8003639E5 /* MainViewController.swift */,
				A51A5FB321400CA60064D0D6 /* CrossfadeStoryboardSegue.swift */,
				A54E5B2D21189F0C00F93F1C /* Extensions */,
				A52FC3E620BF5C3300A6E2B7 /* Supporting Files */,
			);
			path = "macOS Demo";
			sourceTree = "<group>";
		};
/* End PBXGroup section */

/* Begin PBXNativeTarget section */
		607FACCF1AFB9204008FA782 /* iOS Demo */ = {
			isa = PBXNativeTarget;
			buildConfigurationList = 607FACEF1AFB9204008FA782 /* Build configuration list for PBXNativeTarget "iOS Demo" */;
			buildPhases = (
				6C223C4639267499F28D6E8F /* [CP] Check Pods Manifest.lock */,
				607FACCC1AFB9204008FA782 /* Sources */,
				607FACCD1AFB9204008FA782 /* Frameworks */,
				607FACCE1AFB9204008FA782 /* Resources */,
				9316A97A0E52DB7BCF6DD7F6 /* [CP] Embed Pods Frameworks */,
			);
			buildRules = (
			);
			dependencies = (
			);
			name = "iOS Demo";
			productName = DropmarkSDK;
			productReference = A557EA2A211E09960022B6E5 /* iOS Demo.app */;
			productType = "com.apple.product-type.application";
		};
		607FACE41AFB9204008FA782 /* DropmarkSDK_Tests */ = {
			isa = PBXNativeTarget;
			buildConfigurationList = 607FACF21AFB9204008FA782 /* Build configuration list for PBXNativeTarget "DropmarkSDK_Tests" */;
			buildPhases = (
				C06C4C58244A071204419157 /* [CP] Check Pods Manifest.lock */,
				607FACE11AFB9204008FA782 /* Sources */,
				607FACE21AFB9204008FA782 /* Frameworks */,
				607FACE31AFB9204008FA782 /* Resources */,
			);
			buildRules = (
			);
			dependencies = (
				607FACE71AFB9204008FA782 /* PBXTargetDependency */,
			);
			name = DropmarkSDK_Tests;
			productName = Tests;
			productReference = A557EA27211DE9E80022B6E5 /* DropmarkSDK_Tests.xctest */;
			productType = "com.apple.product-type.bundle.unit-test";
		};
		A57B6E6020BCAF6100595C3E /* tvOS Demo */ = {
			isa = PBXNativeTarget;
			buildConfigurationList = A57B6E6F20BCAF6300595C3E /* Build configuration list for PBXNativeTarget "tvOS Demo" */;
			buildPhases = (
				C04F881318BE604B676A5C71 /* [CP] Check Pods Manifest.lock */,
				A57B6E5D20BCAF6100595C3E /* Sources */,
				A57B6E5E20BCAF6100595C3E /* Frameworks */,
				A57B6E5F20BCAF6100595C3E /* Resources */,
				C49A2CF6BAD29DFF33F4301F /* [CP] Embed Pods Frameworks */,
			);
			buildRules = (
			);
			dependencies = (
			);
			name = "tvOS Demo";
			productName = "Dropmark SDK for tvOS";
			productReference = A557EA29211E09910022B6E5 /* tvOS Demo.app */;
			productType = "com.apple.product-type.application";
		};
		A5B57F9820B9C74700B766D6 /* macOS Demo */ = {
			isa = PBXNativeTarget;
			buildConfigurationList = A5B57FA820B9C74900B766D6 /* Build configuration list for PBXNativeTarget "macOS Demo" */;
			buildPhases = (
				66CB99F7D9C96EF628BFE6A3 /* [CP] Check Pods Manifest.lock */,
				A5B57F9520B9C74700B766D6 /* Sources */,
				A5B57F9620B9C74700B766D6 /* Frameworks */,
				A5B57F9720B9C74700B766D6 /* Resources */,
				32424EE18DC6F557BEF40F9B /* [CP] Embed Pods Frameworks */,
			);
			buildRules = (
			);
			dependencies = (
			);
			name = "macOS Demo";
			productName = "Dropmark SDK for Mac";
			productReference = A557EA28211E098C0022B6E5 /* Dropmark SDK.app */;
			productType = "com.apple.product-type.application";
		};
/* End PBXNativeTarget section */

/* Begin PBXProject section */
		607FACC81AFB9204008FA782 /* Project object */ = {
			isa = PBXProject;
			attributes = {
				LastSwiftUpdateCheck = 0930;
				LastUpgradeCheck = 1300;
				ORGANIZATIONNAME = CocoaPods;
				TargetAttributes = {
					607FACCF1AFB9204008FA782 = {
						CreatedOnToolsVersion = 6.3.1;
						DevelopmentTeam = B34U9MBMKJ;
						LastSwiftMigration = 1020;
					};
					607FACE41AFB9204008FA782 = {
						CreatedOnToolsVersion = 6.3.1;
						DevelopmentTeam = B34U9MBMKJ;
						LastSwiftMigration = 1020;
						TestTargetID = 607FACCF1AFB9204008FA782;
					};
					A57B6E6020BCAF6100595C3E = {
						CreatedOnToolsVersion = 9.3.1;
						DevelopmentTeam = B34U9MBMKJ;
						LastSwiftMigration = 1120;
						ProvisioningStyle = Automatic;
					};
					A5B57F9820B9C74700B766D6 = {
						CreatedOnToolsVersion = 9.3.1;
						DevelopmentTeam = B34U9MBMKJ;
						LastSwiftMigration = 1020;
						ProvisioningStyle = Automatic;
						SystemCapabilities = {
							com.apple.Sandbox = {
								enabled = 1;
							};
						};
					};
				};
			};
			buildConfigurationList = 607FACCB1AFB9204008FA782 /* Build configuration list for PBXProject "DropmarkSDK" */;
			compatibilityVersion = "Xcode 3.2";
			developmentRegion = en;
			hasScannedForEncodings = 0;
			knownRegions = (
				en,
				Base,
			);
			mainGroup = 607FACC71AFB9204008FA782;
			productRefGroup = 607FACC71AFB9204008FA782;
			projectDirPath = "";
			projectRoot = "";
			targets = (
				607FACCF1AFB9204008FA782 /* iOS Demo */,
				A57B6E6020BCAF6100595C3E /* tvOS Demo */,
				A5B57F9820B9C74700B766D6 /* macOS Demo */,
				607FACE41AFB9204008FA782 /* DropmarkSDK_Tests */,
			);
		};
/* End PBXProject section */

/* Begin PBXResourcesBuildPhase section */
		607FACCE1AFB9204008FA782 /* Resources */ = {
			isa = PBXResourcesBuildPhase;
			buildActionMask = 2147483647;
			files = (
				A52FC3E020BF588500A6E2B7 /* keys.plist in Resources */,
				A52FC3CE20BF57E200A6E2B7 /* Main.storyboard in Resources */,
				A52FC3D020BF57E200A6E2B7 /* iOS Images.xcassets in Resources */,
				A52FC3CD20BF57E200A6E2B7 /* LaunchScreen.xib in Resources */,
			);
			runOnlyForDeploymentPostprocessing = 0;
		};
		607FACE31AFB9204008FA782 /* Resources */ = {
			isa = PBXResourcesBuildPhase;
			buildActionMask = 2147483647;
			files = (
			);
			runOnlyForDeploymentPostprocessing = 0;
		};
		A57B6E5F20BCAF6100595C3E /* Resources */ = {
			isa = PBXResourcesBuildPhase;
			buildActionMask = 2147483647;
			files = (
				A52FC3E220BF588500A6E2B7 /* keys.plist in Resources */,
				A52FC3EE20BF5C8900A6E2B7 /* Main.storyboard in Resources */,
				A53760F02116424500114013 /* tvOS Assets.xcassets in Resources */,
			);
			runOnlyForDeploymentPostprocessing = 0;
		};
		A5B57F9720B9C74700B766D6 /* Resources */ = {
			isa = PBXResourcesBuildPhase;
			buildActionMask = 2147483647;
			files = (
				A52FC3E120BF588500A6E2B7 /* keys.plist in Resources */,
				A52FC3EA20BF5C3300A6E2B7 /* macOS Assets.xcassets in Resources */,
				A52FC3E520BF5C1D00A6E2B7 /* Main.storyboard in Resources */,
			);
			runOnlyForDeploymentPostprocessing = 0;
		};
/* End PBXResourcesBuildPhase section */

/* Begin PBXShellScriptBuildPhase section */
		32424EE18DC6F557BEF40F9B /* [CP] Embed Pods Frameworks */ = {
			isa = PBXShellScriptBuildPhase;
			buildActionMask = 2147483647;
			files = (
			);
			inputPaths = (
				"${PODS_ROOT}/Target Support Files/Pods-macOS Demo/Pods-macOS Demo-frameworks.sh",
				"${BUILT_PRODUCTS_DIR}/Alamofire-macOS/Alamofire.framework",
				"${BUILT_PRODUCTS_DIR}/DropmarkSDK-macOS/DropmarkSDK.framework",
				"${BUILT_PRODUCTS_DIR}/PromiseKit.root-CorePromise-Foundation/PromiseKit.framework",
			);
			name = "[CP] Embed Pods Frameworks";
			outputPaths = (
				"${TARGET_BUILD_DIR}/${FRAMEWORKS_FOLDER_PATH}/Alamofire.framework",
				"${TARGET_BUILD_DIR}/${FRAMEWORKS_FOLDER_PATH}/DropmarkSDK.framework",
				"${TARGET_BUILD_DIR}/${FRAMEWORKS_FOLDER_PATH}/PromiseKit.framework",
			);
			runOnlyForDeploymentPostprocessing = 0;
			shellPath = /bin/sh;
			shellScript = "\"${PODS_ROOT}/Target Support Files/Pods-macOS Demo/Pods-macOS Demo-frameworks.sh\"\n";
			showEnvVarsInLog = 0;
		};
		66CB99F7D9C96EF628BFE6A3 /* [CP] Check Pods Manifest.lock */ = {
			isa = PBXShellScriptBuildPhase;
			buildActionMask = 2147483647;
			files = (
			);
			inputPaths = (
				"${PODS_PODFILE_DIR_PATH}/Podfile.lock",
				"${PODS_ROOT}/Manifest.lock",
			);
			name = "[CP] Check Pods Manifest.lock";
			outputPaths = (
				"$(DERIVED_FILE_DIR)/Pods-macOS Demo-checkManifestLockResult.txt",
			);
			runOnlyForDeploymentPostprocessing = 0;
			shellPath = /bin/sh;
			shellScript = "diff \"${PODS_PODFILE_DIR_PATH}/Podfile.lock\" \"${PODS_ROOT}/Manifest.lock\" > /dev/null\nif [ $? != 0 ] ; then\n    # print error to STDERR\n    echo \"error: The sandbox is not in sync with the Podfile.lock. Run 'pod install' or update your CocoaPods installation.\" >&2\n    exit 1\nfi\n# This output is used by Xcode 'outputs' to avoid re-running this script phase.\necho \"SUCCESS\" > \"${SCRIPT_OUTPUT_FILE_0}\"\n";
			showEnvVarsInLog = 0;
		};
		6C223C4639267499F28D6E8F /* [CP] Check Pods Manifest.lock */ = {
			isa = PBXShellScriptBuildPhase;
			buildActionMask = 2147483647;
			files = (
			);
			inputPaths = (
				"${PODS_PODFILE_DIR_PATH}/Podfile.lock",
				"${PODS_ROOT}/Manifest.lock",
			);
			name = "[CP] Check Pods Manifest.lock";
			outputPaths = (
				"$(DERIVED_FILE_DIR)/Pods-iOS Demo-checkManifestLockResult.txt",
			);
			runOnlyForDeploymentPostprocessing = 0;
			shellPath = /bin/sh;
			shellScript = "diff \"${PODS_PODFILE_DIR_PATH}/Podfile.lock\" \"${PODS_ROOT}/Manifest.lock\" > /dev/null\nif [ $? != 0 ] ; then\n    # print error to STDERR\n    echo \"error: The sandbox is not in sync with the Podfile.lock. Run 'pod install' or update your CocoaPods installation.\" >&2\n    exit 1\nfi\n# This output is used by Xcode 'outputs' to avoid re-running this script phase.\necho \"SUCCESS\" > \"${SCRIPT_OUTPUT_FILE_0}\"\n";
			showEnvVarsInLog = 0;
		};
		9316A97A0E52DB7BCF6DD7F6 /* [CP] Embed Pods Frameworks */ = {
			isa = PBXShellScriptBuildPhase;
			buildActionMask = 2147483647;
			files = (
			);
			inputPaths = (
				"${PODS_ROOT}/Target Support Files/Pods-iOS Demo/Pods-iOS Demo-frameworks.sh",
				"${BUILT_PRODUCTS_DIR}/Alamofire-iOS/Alamofire.framework",
				"${BUILT_PRODUCTS_DIR}/DropmarkSDK-iOS/DropmarkSDK.framework",
				"${BUILT_PRODUCTS_DIR}/PromiseKit-iOS/PromiseKit.framework",
			);
			name = "[CP] Embed Pods Frameworks";
			outputPaths = (
				"${TARGET_BUILD_DIR}/${FRAMEWORKS_FOLDER_PATH}/Alamofire.framework",
				"${TARGET_BUILD_DIR}/${FRAMEWORKS_FOLDER_PATH}/DropmarkSDK.framework",
				"${TARGET_BUILD_DIR}/${FRAMEWORKS_FOLDER_PATH}/PromiseKit.framework",
			);
			runOnlyForDeploymentPostprocessing = 0;
			shellPath = /bin/sh;
			shellScript = "\"${PODS_ROOT}/Target Support Files/Pods-iOS Demo/Pods-iOS Demo-frameworks.sh\"\n";
			showEnvVarsInLog = 0;
		};
		C04F881318BE604B676A5C71 /* [CP] Check Pods Manifest.lock */ = {
			isa = PBXShellScriptBuildPhase;
			buildActionMask = 2147483647;
			files = (
			);
			inputPaths = (
				"${PODS_PODFILE_DIR_PATH}/Podfile.lock",
				"${PODS_ROOT}/Manifest.lock",
			);
			name = "[CP] Check Pods Manifest.lock";
			outputPaths = (
				"$(DERIVED_FILE_DIR)/Pods-tvOS Demo-checkManifestLockResult.txt",
			);
			runOnlyForDeploymentPostprocessing = 0;
			shellPath = /bin/sh;
			shellScript = "diff \"${PODS_PODFILE_DIR_PATH}/Podfile.lock\" \"${PODS_ROOT}/Manifest.lock\" > /dev/null\nif [ $? != 0 ] ; then\n    # print error to STDERR\n    echo \"error: The sandbox is not in sync with the Podfile.lock. Run 'pod install' or update your CocoaPods installation.\" >&2\n    exit 1\nfi\n# This output is used by Xcode 'outputs' to avoid re-running this script phase.\necho \"SUCCESS\" > \"${SCRIPT_OUTPUT_FILE_0}\"\n";
			showEnvVarsInLog = 0;
		};
		C06C4C58244A071204419157 /* [CP] Check Pods Manifest.lock */ = {
			isa = PBXShellScriptBuildPhase;
			buildActionMask = 2147483647;
			files = (
			);
			inputPaths = (
				"${PODS_PODFILE_DIR_PATH}/Podfile.lock",
				"${PODS_ROOT}/Manifest.lock",
			);
			name = "[CP] Check Pods Manifest.lock";
			outputPaths = (
				"$(DERIVED_FILE_DIR)/Pods-DropmarkSDK_Tests-checkManifestLockResult.txt",
			);
			runOnlyForDeploymentPostprocessing = 0;
			shellPath = /bin/sh;
			shellScript = "diff \"${PODS_PODFILE_DIR_PATH}/Podfile.lock\" \"${PODS_ROOT}/Manifest.lock\" > /dev/null\nif [ $? != 0 ] ; then\n    # print error to STDERR\n    echo \"error: The sandbox is not in sync with the Podfile.lock. Run 'pod install' or update your CocoaPods installation.\" >&2\n    exit 1\nfi\n# This output is used by Xcode 'outputs' to avoid re-running this script phase.\necho \"SUCCESS\" > \"${SCRIPT_OUTPUT_FILE_0}\"\n";
			showEnvVarsInLog = 0;
		};
		C49A2CF6BAD29DFF33F4301F /* [CP] Embed Pods Frameworks */ = {
			isa = PBXShellScriptBuildPhase;
			buildActionMask = 2147483647;
			files = (
			);
			inputPaths = (
				"${PODS_ROOT}/Target Support Files/Pods-tvOS Demo/Pods-tvOS Demo-frameworks.sh",
				"${BUILT_PRODUCTS_DIR}/Alamofire-tvOS/Alamofire.framework",
				"${BUILT_PRODUCTS_DIR}/DropmarkSDK-tvOS/DropmarkSDK.framework",
				"${BUILT_PRODUCTS_DIR}/PromiseKit-tvOS/PromiseKit.framework",
			);
			name = "[CP] Embed Pods Frameworks";
			outputPaths = (
				"${TARGET_BUILD_DIR}/${FRAMEWORKS_FOLDER_PATH}/Alamofire.framework",
				"${TARGET_BUILD_DIR}/${FRAMEWORKS_FOLDER_PATH}/DropmarkSDK.framework",
				"${TARGET_BUILD_DIR}/${FRAMEWORKS_FOLDER_PATH}/PromiseKit.framework",
			);
			runOnlyForDeploymentPostprocessing = 0;
			shellPath = /bin/sh;
			shellScript = "\"${PODS_ROOT}/Target Support Files/Pods-tvOS Demo/Pods-tvOS Demo-frameworks.sh\"\n";
			showEnvVarsInLog = 0;
		};
/* End PBXShellScriptBuildPhase section */

/* Begin PBXSourcesBuildPhase section */
		607FACCC1AFB9204008FA782 /* Sources */ = {
			isa = PBXSourcesBuildPhase;
			buildActionMask = 2147483647;
			files = (
				A52FC3D520BF57E200A6E2B7 /* ItemViewController.swift in Sources */,
				A52FC3D420BF57E200A6E2B7 /* AppDelegate.swift in Sources */,
				A52FC3D220BF57E200A6E2B7 /* LoginViewController.swift in Sources */,
				A52FC3D620BF57E200A6E2B7 /* ItemListViewController.swift in Sources */,
				A54E5B2921176E3000F93F1C /* UIStoryboard+Extensions.swift in Sources */,
				A52C420021160D1100BA2054 /* UIAlertController+Extensions.swift in Sources */,
				A52FC3CC20BF57E200A6E2B7 /* CollectionListViewController.swift in Sources */,
			);
			runOnlyForDeploymentPostprocessing = 0;
		};
		607FACE11AFB9204008FA782 /* Sources */ = {
			isa = PBXSourcesBuildPhase;
			buildActionMask = 2147483647;
			files = (
				607FACEC1AFB9204008FA782 /* Tests.swift in Sources */,
			);
			runOnlyForDeploymentPostprocessing = 0;
		};
		A57B6E5D20BCAF6100595C3E /* Sources */ = {
			isa = PBXSourcesBuildPhase;
			buildActionMask = 2147483647;
			files = (
				A53E7DAA21150ADE002CD0B9 /* ItemListViewController.swift in Sources */,
				A53E7DB0211523E4002CD0B9 /* ItemViewController.swift in Sources */,
				A53E7DA7211506B8002CD0B9 /* LoginViewController.swift in Sources */,
				A53E7DA921150AD3002CD0B9 /* CollectionListViewController.swift in Sources */,
				A54E5B2A21176E3000F93F1C /* UIStoryboard+Extensions.swift in Sources */,
				A52C420121160D1100BA2054 /* UIAlertController+Extensions.swift in Sources */,
				A53E7DA821150ABA002CD0B9 /* AppDelegate.swift in Sources */,
			);
			runOnlyForDeploymentPostprocessing = 0;
		};
		A5B57F9520B9C74700B766D6 /* Sources */ = {
			isa = PBXSourcesBuildPhase;
			buildActionMask = 2147483647;
			files = (
				A506952D2114B0D8003639E5 /* MainViewController.swift in Sources */,
				A51A5FB621400F590064D0D6 /* ContainerViewController.swift in Sources */,
				A54E5B2C21189EAF00F93F1C /* NSStoryboard+Extensions.swift in Sources */,
				A54E5B2F2118A60B00F93F1C /* NSAlert+Extensions.swift in Sources */,
				A5B57F9E20B9C74700B766D6 /* LoginViewController.swift in Sources */,
				A51A5FB421400CA60064D0D6 /* CrossfadeStoryboardSegue.swift in Sources */,
				A5B57F9C20B9C74700B766D6 /* AppDelegate.swift in Sources */,
			);
			runOnlyForDeploymentPostprocessing = 0;
		};
/* End PBXSourcesBuildPhase section */

/* Begin PBXTargetDependency section */
		607FACE71AFB9204008FA782 /* PBXTargetDependency */ = {
			isa = PBXTargetDependency;
			target = 607FACCF1AFB9204008FA782 /* iOS Demo */;
			targetProxy = 607FACE61AFB9204008FA782 /* PBXContainerItemProxy */;
		};
/* End PBXTargetDependency section */

/* Begin XCBuildConfiguration section */
		607FACED1AFB9204008FA782 /* Debug */ = {
			isa = XCBuildConfiguration;
			buildSettings = {
				ALWAYS_SEARCH_USER_PATHS = NO;
				CLANG_ANALYZER_LOCALIZABILITY_NONLOCALIZED = YES;
				CLANG_CXX_LANGUAGE_STANDARD = "gnu++0x";
				CLANG_CXX_LIBRARY = "libc++";
				CLANG_ENABLE_MODULES = YES;
				CLANG_ENABLE_OBJC_ARC = YES;
				CLANG_WARN_BLOCK_CAPTURE_AUTORELEASING = YES;
				CLANG_WARN_BOOL_CONVERSION = YES;
				CLANG_WARN_COMMA = YES;
				CLANG_WARN_CONSTANT_CONVERSION = YES;
				CLANG_WARN_DEPRECATED_OBJC_IMPLEMENTATIONS = YES;
				CLANG_WARN_DIRECT_OBJC_ISA_USAGE = YES_ERROR;
				CLANG_WARN_EMPTY_BODY = YES;
				CLANG_WARN_ENUM_CONVERSION = YES;
				CLANG_WARN_INFINITE_RECURSION = YES;
				CLANG_WARN_INT_CONVERSION = YES;
				CLANG_WARN_NON_LITERAL_NULL_CONVERSION = YES;
				CLANG_WARN_OBJC_IMPLICIT_RETAIN_SELF = YES;
				CLANG_WARN_OBJC_LITERAL_CONVERSION = YES;
				CLANG_WARN_OBJC_ROOT_CLASS = YES_ERROR;
				CLANG_WARN_QUOTED_INCLUDE_IN_FRAMEWORK_HEADER = YES;
				CLANG_WARN_RANGE_LOOP_ANALYSIS = YES;
				CLANG_WARN_STRICT_PROTOTYPES = YES;
				CLANG_WARN_SUSPICIOUS_MOVE = YES;
				CLANG_WARN_UNREACHABLE_CODE = YES;
				CLANG_WARN__DUPLICATE_METHOD_MATCH = YES;
				"CODE_SIGN_IDENTITY[sdk=iphoneos*]" = "iPhone Developer";
				COPY_PHASE_STRIP = NO;
				DEBUG_INFORMATION_FORMAT = "dwarf-with-dsym";
				ENABLE_STRICT_OBJC_MSGSEND = YES;
				ENABLE_TESTABILITY = YES;
				GCC_C_LANGUAGE_STANDARD = gnu99;
				GCC_DYNAMIC_NO_PIC = NO;
				GCC_NO_COMMON_BLOCKS = YES;
				GCC_OPTIMIZATION_LEVEL = 0;
				GCC_PREPROCESSOR_DEFINITIONS = (
					"DEBUG=1",
					"$(inherited)",
				);
				GCC_SYMBOLS_PRIVATE_EXTERN = NO;
				GCC_WARN_64_TO_32_BIT_CONVERSION = YES;
				GCC_WARN_ABOUT_RETURN_TYPE = YES_ERROR;
				GCC_WARN_UNDECLARED_SELECTOR = YES;
				GCC_WARN_UNINITIALIZED_AUTOS = YES_AGGRESSIVE;
				GCC_WARN_UNUSED_FUNCTION = YES;
				GCC_WARN_UNUSED_VARIABLE = YES;
				IPHONEOS_DEPLOYMENT_TARGET = 13.0;
				MACOSX_DEPLOYMENT_TARGET = 10.11;
				MTL_ENABLE_DEBUG_INFO = YES;
				ONLY_ACTIVE_ARCH = YES;
				SDKROOT = iphoneos;
				SWIFT_OPTIMIZATION_LEVEL = "-Onone";
			};
			name = Debug;
		};
		607FACEE1AFB9204008FA782 /* Release */ = {
			isa = XCBuildConfiguration;
			buildSettings = {
				ALWAYS_SEARCH_USER_PATHS = NO;
				CLANG_ANALYZER_LOCALIZABILITY_NONLOCALIZED = YES;
				CLANG_CXX_LANGUAGE_STANDARD = "gnu++0x";
				CLANG_CXX_LIBRARY = "libc++";
				CLANG_ENABLE_MODULES = YES;
				CLANG_ENABLE_OBJC_ARC = YES;
				CLANG_WARN_BLOCK_CAPTURE_AUTORELEASING = YES;
				CLANG_WARN_BOOL_CONVERSION = YES;
				CLANG_WARN_COMMA = YES;
				CLANG_WARN_CONSTANT_CONVERSION = YES;
				CLANG_WARN_DEPRECATED_OBJC_IMPLEMENTATIONS = YES;
				CLANG_WARN_DIRECT_OBJC_ISA_USAGE = YES_ERROR;
				CLANG_WARN_EMPTY_BODY = YES;
				CLANG_WARN_ENUM_CONVERSION = YES;
				CLANG_WARN_INFINITE_RECURSION = YES;
				CLANG_WARN_INT_CONVERSION = YES;
				CLANG_WARN_NON_LITERAL_NULL_CONVERSION = YES;
				CLANG_WARN_OBJC_IMPLICIT_RETAIN_SELF = YES;
				CLANG_WARN_OBJC_LITERAL_CONVERSION = YES;
				CLANG_WARN_OBJC_ROOT_CLASS = YES_ERROR;
				CLANG_WARN_QUOTED_INCLUDE_IN_FRAMEWORK_HEADER = YES;
				CLANG_WARN_RANGE_LOOP_ANALYSIS = YES;
				CLANG_WARN_STRICT_PROTOTYPES = YES;
				CLANG_WARN_SUSPICIOUS_MOVE = YES;
				CLANG_WARN_UNREACHABLE_CODE = YES;
				CLANG_WARN__DUPLICATE_METHOD_MATCH = YES;
				"CODE_SIGN_IDENTITY[sdk=iphoneos*]" = "iPhone Developer";
				COPY_PHASE_STRIP = NO;
				DEBUG_INFORMATION_FORMAT = "dwarf-with-dsym";
				ENABLE_NS_ASSERTIONS = NO;
				ENABLE_STRICT_OBJC_MSGSEND = YES;
				GCC_C_LANGUAGE_STANDARD = gnu99;
				GCC_NO_COMMON_BLOCKS = YES;
				GCC_WARN_64_TO_32_BIT_CONVERSION = YES;
				GCC_WARN_ABOUT_RETURN_TYPE = YES_ERROR;
				GCC_WARN_UNDECLARED_SELECTOR = YES;
				GCC_WARN_UNINITIALIZED_AUTOS = YES_AGGRESSIVE;
				GCC_WARN_UNUSED_FUNCTION = YES;
				GCC_WARN_UNUSED_VARIABLE = YES;
				IPHONEOS_DEPLOYMENT_TARGET = 13.0;
				MACOSX_DEPLOYMENT_TARGET = 10.11;
				MTL_ENABLE_DEBUG_INFO = NO;
				SDKROOT = iphoneos;
				SWIFT_OPTIMIZATION_LEVEL = "-Owholemodule";
				VALIDATE_PRODUCT = YES;
			};
			name = Release;
		};
		607FACF01AFB9204008FA782 /* Debug */ = {
			isa = XCBuildConfiguration;
			baseConfigurationReference = 4F4DD828505A6DC4446EBA0C /* Pods-iOS Demo.debug.xcconfig */;
			buildSettings = {
				ASSETCATALOG_COMPILER_APPICON_NAME = AppIcon;
				CODE_SIGN_ENTITLEMENTS = "iOS Demo.entitlements";
				DEVELOPMENT_TEAM = B34U9MBMKJ;
				INFOPLIST_FILE = "iOS and tvOS Demo/iOS Demo/Info.plist";
				IPHONEOS_DEPLOYMENT_TARGET = 13.0;
				LD_RUNPATH_SEARCH_PATHS = "$(inherited) @executable_path/Frameworks";
				MARKETING_VERSION = 4.0.1;
				MODULE_NAME = ExampleApp;
				PRODUCT_BUNDLE_IDENTIFIER = "com.oak.dropmark-sdk.ios";
				PRODUCT_NAME = "$(TARGET_NAME)";
				SWIFT_VERSION = 5.0;
				TARGETED_DEVICE_FAMILY = "1,2";
			};
			name = Debug;
		};
		607FACF11AFB9204008FA782 /* Release */ = {
			isa = XCBuildConfiguration;
			baseConfigurationReference = 7CC8559AD692CB3EF7BB6DC8 /* Pods-iOS Demo.release.xcconfig */;
			buildSettings = {
				ASSETCATALOG_COMPILER_APPICON_NAME = AppIcon;
				CODE_SIGN_ENTITLEMENTS = "iOS Demo.entitlements";
				DEVELOPMENT_TEAM = B34U9MBMKJ;
				INFOPLIST_FILE = "iOS and tvOS Demo/iOS Demo/Info.plist";
				IPHONEOS_DEPLOYMENT_TARGET = 13.0;
				LD_RUNPATH_SEARCH_PATHS = "$(inherited) @executable_path/Frameworks";
				MARKETING_VERSION = 4.0.1;
				MODULE_NAME = ExampleApp;
				PRODUCT_BUNDLE_IDENTIFIER = "com.oak.dropmark-sdk.ios";
				PRODUCT_NAME = "$(TARGET_NAME)";
				SWIFT_VERSION = 5.0;
				TARGETED_DEVICE_FAMILY = "1,2";
			};
			name = Release;
		};
		607FACF31AFB9204008FA782 /* Debug */ = {
			isa = XCBuildConfiguration;
			baseConfigurationReference = EA669FF00620E79A8942E4D1 /* Pods-DropmarkSDK_Tests.debug.xcconfig */;
			buildSettings = {
				DEVELOPMENT_TEAM = B34U9MBMKJ;
				GCC_PREPROCESSOR_DEFINITIONS = (
					"DEBUG=1",
					"$(inherited)",
				);
				INFOPLIST_FILE = Tests/Info.plist;
				LD_RUNPATH_SEARCH_PATHS = "$(inherited) @executable_path/Frameworks @loader_path/Frameworks";
				PRODUCT_BUNDLE_IDENTIFIER = "org.cocoapods.$(PRODUCT_NAME:rfc1034identifier)";
				PRODUCT_NAME = "$(TARGET_NAME)";
				SWIFT_VERSION = 5.0;
				TEST_HOST = "$(BUILT_PRODUCTS_DIR)/iOS Demo.app/iOS Demo";
			};
			name = Debug;
		};
		607FACF41AFB9204008FA782 /* Release */ = {
			isa = XCBuildConfiguration;
			baseConfigurationReference = 948C593ECC1D4DB79124392C /* Pods-DropmarkSDK_Tests.release.xcconfig */;
			buildSettings = {
				DEVELOPMENT_TEAM = B34U9MBMKJ;
				INFOPLIST_FILE = Tests/Info.plist;
				LD_RUNPATH_SEARCH_PATHS = "$(inherited) @executable_path/Frameworks @loader_path/Frameworks";
				PRODUCT_BUNDLE_IDENTIFIER = "org.cocoapods.$(PRODUCT_NAME:rfc1034identifier)";
				PRODUCT_NAME = "$(TARGET_NAME)";
				SWIFT_VERSION = 5.0;
				TEST_HOST = "$(BUILT_PRODUCTS_DIR)/iOS Demo.app/iOS Demo";
			};
			name = Release;
		};
		A57B6E6D20BCAF6300595C3E /* Debug */ = {
			isa = XCBuildConfiguration;
			baseConfigurationReference = EC4E452BF3B1EAD3BFE77F64 /* Pods-tvOS Demo.debug.xcconfig */;
			buildSettings = {
				ASSETCATALOG_COMPILER_APPICON_NAME = "App Icon & Top Shelf Image";
				CLANG_ANALYZER_NONNULL = YES;
				CLANG_ANALYZER_NUMBER_OBJECT_CONVERSION = YES_AGGRESSIVE;
				CLANG_CXX_LANGUAGE_STANDARD = "gnu++14";
				CLANG_ENABLE_OBJC_WEAK = YES;
				CLANG_WARN_DOCUMENTATION_COMMENTS = YES;
				CLANG_WARN_UNGUARDED_AVAILABILITY = YES_AGGRESSIVE;
				CODE_SIGN_ENTITLEMENTS = "tvOS Demo.entitlements";
				CODE_SIGN_STYLE = Automatic;
				DEBUG_INFORMATION_FORMAT = dwarf;
				DEVELOPMENT_TEAM = B34U9MBMKJ;
				GCC_C_LANGUAGE_STANDARD = gnu11;
				INFOPLIST_FILE = "iOS and tvOS Demo/tvOS Demo/Info.plist";
				LD_RUNPATH_SEARCH_PATHS = "$(inherited) @executable_path/Frameworks";
				MARKETING_VERSION = 4.0.1;
				PRODUCT_BUNDLE_IDENTIFIER = "com.oak.dropmark-sdk.tvos";
				PRODUCT_NAME = "$(TARGET_NAME)";
				SDKROOT = appletvos;
				SWIFT_ACTIVE_COMPILATION_CONDITIONS = DEBUG;
				SWIFT_VERSION = 5.0;
				TARGETED_DEVICE_FAMILY = 3;
				TVOS_DEPLOYMENT_TARGET = 13.0;
			};
			name = Debug;
		};
		A57B6E6E20BCAF6300595C3E /* Release */ = {
			isa = XCBuildConfiguration;
			baseConfigurationReference = 79389252610B8E38D27A4C6D /* Pods-tvOS Demo.release.xcconfig */;
			buildSettings = {
				ASSETCATALOG_COMPILER_APPICON_NAME = "App Icon & Top Shelf Image";
				CLANG_ANALYZER_NONNULL = YES;
				CLANG_ANALYZER_NUMBER_OBJECT_CONVERSION = YES_AGGRESSIVE;
				CLANG_CXX_LANGUAGE_STANDARD = "gnu++14";
				CLANG_ENABLE_OBJC_WEAK = YES;
				CLANG_WARN_DOCUMENTATION_COMMENTS = YES;
				CLANG_WARN_UNGUARDED_AVAILABILITY = YES_AGGRESSIVE;
				CODE_SIGN_ENTITLEMENTS = "tvOS Demo.entitlements";
				CODE_SIGN_STYLE = Automatic;
				DEVELOPMENT_TEAM = B34U9MBMKJ;
				GCC_C_LANGUAGE_STANDARD = gnu11;
				INFOPLIST_FILE = "iOS and tvOS Demo/tvOS Demo/Info.plist";
				LD_RUNPATH_SEARCH_PATHS = "$(inherited) @executable_path/Frameworks";
				MARKETING_VERSION = 4.0.1;
				PRODUCT_BUNDLE_IDENTIFIER = "com.oak.dropmark-sdk.tvos";
				PRODUCT_NAME = "$(TARGET_NAME)";
				SDKROOT = appletvos;
				SWIFT_VERSION = 5.0;
				TARGETED_DEVICE_FAMILY = 3;
				TVOS_DEPLOYMENT_TARGET = 13.0;
			};
			name = Release;
		};
		A5B57FA620B9C74900B766D6 /* Debug */ = {
			isa = XCBuildConfiguration;
			baseConfigurationReference = C1D55843C7B1B96E89D77BE2 /* Pods-macOS Demo.debug.xcconfig */;
			buildSettings = {
				ASSETCATALOG_COMPILER_APPICON_NAME = AppIcon;
				CLANG_ANALYZER_NONNULL = YES;
				CLANG_ANALYZER_NUMBER_OBJECT_CONVERSION = YES_AGGRESSIVE;
				CLANG_CXX_LANGUAGE_STANDARD = "gnu++14";
				CLANG_ENABLE_OBJC_WEAK = YES;
				CLANG_WARN_DEPRECATED_OBJC_IMPLEMENTATIONS = YES;
				CLANG_WARN_DOCUMENTATION_COMMENTS = YES;
				CLANG_WARN_OBJC_IMPLICIT_RETAIN_SELF = YES;
				CLANG_WARN_UNGUARDED_AVAILABILITY = YES_AGGRESSIVE;
				CODE_SIGN_ENTITLEMENTS = "macOS Demo/Supporting Files/Dropmark SDK for Mac.entitlements";
				CODE_SIGN_IDENTITY = "Mac Developer";
				CODE_SIGN_STYLE = Automatic;
				COMBINE_HIDPI_IMAGES = YES;
				DEBUG_INFORMATION_FORMAT = dwarf;
				DEVELOPMENT_TEAM = B34U9MBMKJ;
				ENABLE_HARDENED_RUNTIME = YES;
				GCC_C_LANGUAGE_STANDARD = gnu11;
				INFOPLIST_FILE = "macOS Demo/Supporting Files/Info.plist";
				LD_RUNPATH_SEARCH_PATHS = "$(inherited) @executable_path/../Frameworks";
				MACOSX_DEPLOYMENT_TARGET = 10.12;
				MARKETING_VERSION = 4.0.1;
				PRODUCT_BUNDLE_IDENTIFIER = "com.oak.dropmark-sdk.macos";
				PRODUCT_NAME = "Dropmark SDK";
				SDKROOT = macosx;
				SWIFT_ACTIVE_COMPILATION_CONDITIONS = DEBUG;
				SWIFT_VERSION = 5.0;
			};
			name = Debug;
		};
		A5B57FA720B9C74900B766D6 /* Release */ = {
			isa = XCBuildConfiguration;
			baseConfigurationReference = E9D47E3F3CFA423D92DC89BF /* Pods-macOS Demo.release.xcconfig */;
			buildSettings = {
				ASSETCATALOG_COMPILER_APPICON_NAME = AppIcon;
				CLANG_ANALYZER_NONNULL = YES;
				CLANG_ANALYZER_NUMBER_OBJECT_CONVERSION = YES_AGGRESSIVE;
				CLANG_CXX_LANGUAGE_STANDARD = "gnu++14";
				CLANG_ENABLE_OBJC_WEAK = YES;
				CLANG_WARN_DEPRECATED_OBJC_IMPLEMENTATIONS = YES;
				CLANG_WARN_DOCUMENTATION_COMMENTS = YES;
				CLANG_WARN_OBJC_IMPLICIT_RETAIN_SELF = YES;
				CLANG_WARN_UNGUARDED_AVAILABILITY = YES_AGGRESSIVE;
				CODE_SIGN_ENTITLEMENTS = "macOS Demo/Supporting Files/Dropmark SDK for Mac.entitlements";
				CODE_SIGN_IDENTITY = "Mac Developer";
				CODE_SIGN_STYLE = Automatic;
				COMBINE_HIDPI_IMAGES = YES;
				DEVELOPMENT_TEAM = B34U9MBMKJ;
				ENABLE_HARDENED_RUNTIME = YES;
				GCC_C_LANGUAGE_STANDARD = gnu11;
				INFOPLIST_FILE = "macOS Demo/Supporting Files/Info.plist";
				LD_RUNPATH_SEARCH_PATHS = "$(inherited) @executable_path/../Frameworks";
				MACOSX_DEPLOYMENT_TARGET = 10.12;
				MARKETING_VERSION = 4.0.1;
				PRODUCT_BUNDLE_IDENTIFIER = "com.oak.dropmark-sdk.macos";
				PRODUCT_NAME = "Dropmark SDK";
				SDKROOT = macosx;
				SWIFT_VERSION = 5.0;
			};
			name = Release;
		};
/* End XCBuildConfiguration section */

/* Begin XCConfigurationList section */
		607FACCB1AFB9204008FA782 /* Build configuration list for PBXProject "DropmarkSDK" */ = {
			isa = XCConfigurationList;
			buildConfigurations = (
				607FACED1AFB9204008FA782 /* Debug */,
				607FACEE1AFB9204008FA782 /* Release */,
			);
			defaultConfigurationIsVisible = 0;
			defaultConfigurationName = Release;
		};
		607FACEF1AFB9204008FA782 /* Build configuration list for PBXNativeTarget "iOS Demo" */ = {
			isa = XCConfigurationList;
			buildConfigurations = (
				607FACF01AFB9204008FA782 /* Debug */,
				607FACF11AFB9204008FA782 /* Release */,
			);
			defaultConfigurationIsVisible = 0;
			defaultConfigurationName = Release;
		};
		607FACF21AFB9204008FA782 /* Build configuration list for PBXNativeTarget "DropmarkSDK_Tests" */ = {
			isa = XCConfigurationList;
			buildConfigurations = (
				607FACF31AFB9204008FA782 /* Debug */,
				607FACF41AFB9204008FA782 /* Release */,
			);
			defaultConfigurationIsVisible = 0;
			defaultConfigurationName = Release;
		};
		A57B6E6F20BCAF6300595C3E /* Build configuration list for PBXNativeTarget "tvOS Demo" */ = {
			isa = XCConfigurationList;
			buildConfigurations = (
				A57B6E6D20BCAF6300595C3E /* Debug */,
				A57B6E6E20BCAF6300595C3E /* Release */,
			);
			defaultConfigurationIsVisible = 0;
			defaultConfigurationName = Release;
		};
		A5B57FA820B9C74900B766D6 /* Build configuration list for PBXNativeTarget "macOS Demo" */ = {
			isa = XCConfigurationList;
			buildConfigurations = (
				A5B57FA620B9C74900B766D6 /* Debug */,
				A5B57FA720B9C74900B766D6 /* Release */,
			);
			defaultConfigurationIsVisible = 0;
			defaultConfigurationName = Release;
		};
/* End XCConfigurationList section */
	};
	rootObject = 607FACC81AFB9204008FA782 /* Project object */;
}
